
Microsoft Visual Studio Solution File, Format Version 12.00
# Visual Studio 15
VisualStudioVersion = 15.0.27130.2027
MinimumVisualStudioVersion = 10.0.40219.1
Project("{FAE04EC0-301F-11D3-BF4B-00C04F79EFBC}") = "DigitalMVC", "DigitalMVC\DigitalMVC.csproj", "{137270A5-94B0-44B9-AE65-FAAE45243135}"
EndProject
Global
	GlobalSection(SolutionConfigurationPlatforms) = preSolution
		Debug|Any CPU = Debug|Any CPU
		Release|Any CPU = Release|Any CPU
	EndGlobalSection
	GlobalSection(ProjectConfigurationPlatforms) = postSolution
		{137270A5-94B0-44B9-AE65-FAAE45243135}.Debug|Any CPU.ActiveCfg = Debug|Any CPU
		{137270A5-94B0-44B9-AE65-FAAE45243135}.Debug|Any CPU.Build.0 = Debug|Any CPU
		{137270A5-94B0-44B9-AE65-FAAE45243135}.Release|Any CPU.ActiveCfg = Release|Any CPU
		{137270A5-94B0-44B9-AE65-FAAE45243135}.Release|Any CPU.Build.0 = Release|Any CPU
	EndGlobalSection
	GlobalSection(SolutionProperties) = preSolution
		HideSolutionNode = FALSE
	EndGlobalSection
	GlobalSection(ExtensibilityGlobals) = postSolution
		SolutionGuid = {FE4A4308-2B92-48F2-BB7C-EF246BCD55DA}
	EndGlobalSection
EndGlobal
